
Microsoft Visual Studio Solution File, Format Version 12.00
# Visual Studio Version 17
VisualStudioVersion = 17.6.33723.286
MinimumVisualStudioVersion = 10.0.40219.1
Project("{FAE04EC0-301F-11D3-BF4B-00C04F79EFBC}") = "hfiles", "hfiles.csproj", "{91D5B9ED-5C4C-447F-88AD-7C2B32D22E28}"
EndProject
Global
	GlobalSection(SolutionConfigurationPlatforms) = preSolution
		Debug|Any CPU = Debug|Any CPU
		Release|Any CPU = Release|Any CPU
	EndGlobalSection
	GlobalSection(ProjectConfigurationPlatforms) = postSolution
		{91D5B9ED-5C4C-447F-88AD-7C2B32D22E28}.Debug|Any CPU.ActiveCfg = Debug|Any CPU
		{91D5B9ED-5C4C-447F-88AD-7C2B32D22E28}.Debug|Any CPU.Build.0 = Debug|Any CPU
		{91D5B9ED-5C4C-447F-88AD-7C2B32D22E28}.Release|Any CPU.ActiveCfg = Release|Any CPU
		{91D5B9ED-5C4C-447F-88AD-7C2B32D22E28}.Release|Any CPU.Build.0 = Release|Any CPU
	EndGlobalSection
	GlobalSection(SolutionProperties) = preSolution
		HideSolutionNode = FALSE
	EndGlobalSection
	GlobalSection(ExtensibilityGlobals) = postSolution
		SolutionGuid = {0E341CFA-C071-4C2D-A390-E40E54A10358}
	EndGlobalSection
EndGlobal
